// !$*UTF8*$!
{
	archiveVersion = 1;
	classes = {
	};
	objectVersion = 56;
	objects = {

/* Begin PBXBuildFile section */
		518CE7532A1CE1E300634E44 /* AppDelegate.swift in Sources */ = {isa = PBXBuildFile; fileRef = 518CE7522A1CE1E300634E44 /* AppDelegate.swift */; };
		518CE7552A1CE1E300634E44 /* SceneDelegate.swift in Sources */ = {isa = PBXBuildFile; fileRef = 518CE7542A1CE1E300634E44 /* SceneDelegate.swift */; };
		518CE7572A1CE1E300634E44 /* ViewController.swift in Sources */ = {isa = PBXBuildFile; fileRef = 518CE7562A1CE1E300634E44 /* ViewController.swift */; };
		518CE75A2A1CE1E300634E44 /* Main.storyboard in Resources */ = {isa = PBXBuildFile; fileRef = 518CE7582A1CE1E300634E44 /* Main.storyboard */; };
		518CE75C2A1CE1E500634E44 /* Assets.xcassets in Resources */ = {isa = PBXBuildFile; fileRef = 518CE75B2A1CE1E500634E44 /* Assets.xcassets */; };
		518CE75F2A1CE1E500634E44 /* LaunchScreen.storyboard in Resources */ = {isa = PBXBuildFile; fileRef = 518CE75D2A1CE1E500634E44 /* LaunchScreen.storyboard */; };
		518CE76A2A1CE1E500634E44 /* ybs_techtaskTests.swift in Sources */ = {isa = PBXBuildFile; fileRef = 518CE7692A1CE1E500634E44 /* ybs_techtaskTests.swift */; };
		518CE7742A1CE1E500634E44 /* ybs_techtaskUITests.swift in Sources */ = {isa = PBXBuildFile; fileRef = 518CE7732A1CE1E500634E44 /* ybs_techtaskUITests.swift */; };
		518CE7762A1CE1E500634E44 /* ybs_techtaskUITestsLaunchTests.swift in Sources */ = {isa = PBXBuildFile; fileRef = 518CE7752A1CE1E500634E44 /* ybs_techtaskUITestsLaunchTests.swift */; };
/* End PBXBuildFile section */

/* Begin PBXContainerItemProxy section */
		518CE7662A1CE1E500634E44 /* PBXContainerItemProxy */ = {
			isa = PBXContainerItemProxy;
			containerPortal = 518CE7472A1CE1E200634E44 /* Project object */;
			proxyType = 1;
			remoteGlobalIDString = 518CE74E2A1CE1E300634E44;
			remoteInfo = "ybs-techtask";
		};
		518CE7702A1CE1E500634E44 /* PBXContainerItemProxy */ = {
			isa = PBXContainerItemProxy;
			containerPortal = 518CE7472A1CE1E200634E44 /* Project object */;
			proxyType = 1;
			remoteGlobalIDString = 518CE74E2A1CE1E300634E44;
			remoteInfo = "ybs-techtask";
		};
/* End PBXContainerItemProxy section */

/* Begin PBXFileReference section */
		518CE74F2A1CE1E300634E44 /* ybs-techtask.app */ = {isa = PBXFileReference; explicitFileType = wrapper.application; includeInIndex = 0; path = "ybs-techtask.app"; sourceTree = BUILT_PRODUCTS_DIR; };
		518CE7522A1CE1E300634E44 /* AppDelegate.swift */ = {isa = PBXFileReference; lastKnownFileType = sourcecode.swift; path = AppDelegate.swift; sourceTree = "<group>"; };
		518CE7542A1CE1E300634E44 /* SceneDelegate.swift */ = {isa = PBXFileReference; lastKnownFileType = sourcecode.swift; path = SceneDelegate.swift; sourceTree = "<group>"; };
		518CE7562A1CE1E300634E44 /* ViewController.swift */ = {isa = PBXFileReference; lastKnownFileType = sourcecode.swift; path = ViewController.swift; sourceTree = "<group>"; };
		518CE7592A1CE1E300634E44 /* Base */ = {isa = PBXFileReference; lastKnownFileType = file.storyboard; name = Base; path = Base.lproj/Main.storyboard; sourceTree = "<group>"; };
		518CE75B2A1CE1E500634E44 /* Assets.xcassets */ = {isa = PBXFileReference; lastKnownFileType = folder.assetcatalog; path = Assets.xcassets; sourceTree = "<group>"; };
		518CE75E2A1CE1E500634E44 /* Base */ = {isa = PBXFileReference; lastKnownFileType = file.storyboard; name = Base; path = Base.lproj/LaunchScreen.storyboard; sourceTree = "<group>"; };
		518CE7602A1CE1E500634E44 /* Info.plist */ = {isa = PBXFileReference; lastKnownFileType = text.plist.xml; path = Info.plist; sourceTree = "<group>"; };
		518CE7652A1CE1E500634E44 /* ybs-techtaskTests.xctest */ = {isa = PBXFileReference; explicitFileType = wrapper.cfbundle; includeInIndex = 0; path = "ybs-techtaskTests.xctest"; sourceTree = BUILT_PRODUCTS_DIR; };
		518CE7692A1CE1E500634E44 /* ybs_techtaskTests.swift */ = {isa = PBXFileReference; lastKnownFileType = sourcecode.swift; path = ybs_techtaskTests.swift; sourceTree = "<group>"; };
		518CE76F2A1CE1E500634E44 /* ybs-techtaskUITests.xctest */ = {isa = PBXFileReference; explicitFileType = wrapper.cfbundle; includeInIndex = 0; path = "ybs-techtaskUITests.xctest"; sourceTree = BUILT_PRODUCTS_DIR; };
		518CE7732A1CE1E500634E44 /* ybs_techtaskUITests.swift */ = {isa = PBXFileReference; lastKnownFileType = sourcecode.swift; path = ybs_techtaskUITests.swift; sourceTree = "<group>"; };
		518CE7752A1CE1E500634E44 /* ybs_techtaskUITestsLaunchTests.swift */ = {isa = PBXFileReference; lastKnownFileType = sourcecode.swift; path = ybs_techtaskUITestsLaunchTests.swift; sourceTree = "<group>"; };
/* End PBXFileReference section */

/* Begin PBXFrameworksBuildPhase section */
		518CE74C2A1CE1E300634E44 /* Frameworks */ = {
			isa = PBXFrameworksBuildPhase;
			buildActionMask = 2147483647;
			files = (
			);
			runOnlyForDeploymentPostprocessing = 0;
		};
		518CE7622A1CE1E500634E44 /* Frameworks */ = {
			isa = PBXFrameworksBuildPhase;
			buildActionMask = 2147483647;
			files = (
			);
			runOnlyForDeploymentPostprocessing = 0;
		};
		518CE76C2A1CE1E500634E44 /* Frameworks */ = {
			isa = PBXFrameworksBuildPhase;
			buildActionMask = 2147483647;
			files = (
			);
			runOnlyForDeploymentPostprocessing = 0;
		};
/* End PBXFrameworksBuildPhase section */

/* Begin PBXGroup section */
		518CE7462A1CE1E200634E44 = {
			isa = PBXGroup;
			children = (
				518CE7512A1CE1E300634E44 /* ybs-techtask */,
				518CE7682A1CE1E500634E44 /* ybs-techtaskTests */,
				518CE7722A1CE1E500634E44 /* ybs-techtaskUITests */,
				518CE7502A1CE1E300634E44 /* Products */,
			);
			sourceTree = "<group>";
		};
		518CE7502A1CE1E300634E44 /* Products */ = {
			isa = PBXGroup;
			children = (
				518CE74F2A1CE1E300634E44 /* ybs-techtask.app */,
				518CE7652A1CE1E500634E44 /* ybs-techtaskTests.xctest */,
				518CE76F2A1CE1E500634E44 /* ybs-techtaskUITests.xctest */,
			);
			name = Products;
			sourceTree = "<group>";
		};
		518CE7512A1CE1E300634E44 /* ybs-techtask */ = {
			isa = PBXGroup;
			children = (
				518CE7522A1CE1E300634E44 /* AppDelegate.swift */,
				518CE7542A1CE1E300634E44 /* SceneDelegate.swift */,
				518CE7562A1CE1E300634E44 /* ViewController.swift */,
				518CE7582A1CE1E300634E44 /* Main.storyboard */,
				518CE75B2A1CE1E500634E44 /* Assets.xcassets */,
				518CE75D2A1CE1E500634E44 /* LaunchScreen.storyboard */,
				518CE7602A1CE1E500634E44 /* Info.plist */,
			);
			path = "ybs-techtask";
			sourceTree = "<group>";
		};
		518CE7682A1CE1E500634E44 /* ybs-techtaskTests */ = {
			isa = PBXGroup;
			children = (
				518CE7692A1CE1E500634E44 /* ybs_techtaskTests.swift */,
			);
			path = "ybs-techtaskTests";
			sourceTree = "<group>";
		};
		518CE7722A1CE1E500634E44 /* ybs-techtaskUITests */ = {
			isa = PBXGroup;
			children = (
				518CE7732A1CE1E500634E44 /* ybs_techtaskUITests.swift */,
				518CE7752A1CE1E500634E44 /* ybs_techtaskUITestsLaunchTests.swift */,
			);
			path = "ybs-techtaskUITests";
			sourceTree = "<group>";
		};
/* End PBXGroup section */

/* Begin PBXNativeTarget section */
		518CE74E2A1CE1E300634E44 /* ybs-techtask */ = {
			isa = PBXNativeTarget;
			buildConfigurationList = 518CE7792A1CE1E500634E44 /* Build configuration list for PBXNativeTarget "ybs-techtask" */;
			buildPhases = (
				518CE74B2A1CE1E300634E44 /* Sources */,
				518CE74C2A1CE1E300634E44 /* Frameworks */,
				518CE74D2A1CE1E300634E44 /* Resources */,
			);
			buildRules = (
			);
			dependencies = (
			);
			name = "ybs-techtask";
			productName = "ybs-techtask";
			productReference = 518CE74F2A1CE1E300634E44 /* ybs-techtask.app */;
			productType = "com.apple.product-type.application";
		};
		518CE7642A1CE1E500634E44 /* ybs-techtaskTests */ = {
			isa = PBXNativeTarget;
			buildConfigurationList = 518CE77C2A1CE1E500634E44 /* Build configuration list for PBXNativeTarget "ybs-techtaskTests" */;
			buildPhases = (
				518CE7612A1CE1E500634E44 /* Sources */,
				518CE7622A1CE1E500634E44 /* Frameworks */,
				518CE7632A1CE1E500634E44 /* Resources */,
			);
			buildRules = (
			);
			dependencies = (
				518CE7672A1CE1E500634E44 /* PBXTargetDependency */,
			);
			name = "ybs-techtaskTests";
			productName = "ybs-techtaskTests";
			productReference = 518CE7652A1CE1E500634E44 /* ybs-techtaskTests.xctest */;
			productType = "com.apple.product-type.bundle.unit-test";
		};
		518CE76E2A1CE1E500634E44 /* ybs-techtaskUITests */ = {
			isa = PBXNativeTarget;
			buildConfigurationList = 518CE77F2A1CE1E500634E44 /* Build configuration list for PBXNativeTarget "ybs-techtaskUITests" */;
			buildPhases = (
				518CE76B2A1CE1E500634E44 /* Sources */,
				518CE76C2A1CE1E500634E44 /* Frameworks */,
				518CE76D2A1CE1E500634E44 /* Resources */,
			);
			buildRules = (
			);
			dependencies = (
				518CE7712A1CE1E500634E44 /* PBXTargetDependency */,
			);
			name = "ybs-techtaskUITests";
			productName = "ybs-techtaskUITests";
			productReference = 518CE76F2A1CE1E500634E44 /* ybs-techtaskUITests.xctest */;
			productType = "com.apple.product-type.bundle.ui-testing";
		};
/* End PBXNativeTarget section */

/* Begin PBXProject section */
		518CE7472A1CE1E200634E44 /* Project object */ = {
			isa = PBXProject;
			attributes = {
				BuildIndependentTargetsInParallel = 1;
				LastSwiftUpdateCheck = 1430;
				LastUpgradeCheck = 1430;
				TargetAttributes = {
					518CE74E2A1CE1E300634E44 = {
						CreatedOnToolsVersion = 14.3;
					};
					518CE7642A1CE1E500634E44 = {
						CreatedOnToolsVersion = 14.3;
						TestTargetID = 518CE74E2A1CE1E300634E44;
					};
					518CE76E2A1CE1E500634E44 = {
						CreatedOnToolsVersion = 14.3;
						TestTargetID = 518CE74E2A1CE1E300634E44;
					};
				};
			};
			buildConfigurationList = 518CE74A2A1CE1E200634E44 /* Build configuration list for PBXProject "ybs-techtask" */;
			compatibilityVersion = "Xcode 14.0";
			developmentRegion = en;
			hasScannedForEncodings = 0;
			knownRegions = (
				en,
				Base,
			);
			mainGroup = 518CE7462A1CE1E200634E44;
			productRefGroup = 518CE7502A1CE1E300634E44 /* Products */;
			projectDirPath = "";
			projectRoot = "";
			targets = (
				518CE74E2A1CE1E300634E44 /* ybs-techtask */,
				518CE7642A1CE1E500634E44 /* ybs-techtaskTests */,
				518CE76E2A1CE1E500634E44 /* ybs-techtaskUITests */,
			);
		};
/* End PBXProject section */

/* Begin PBXResourcesBuildPhase section */
		518CE74D2A1CE1E300634E44 /* Resources */ = {
			isa = PBXResourcesBuildPhase;
			buildActionMask = 2147483647;
			files = (
				518CE75F2A1CE1E500634E44 /* LaunchScreen.storyboard in Resources */,
				518CE75C2A1CE1E500634E44 /* Assets.xcassets in Resources */,
				518CE75A2A1CE1E300634E44 /* Main.storyboard in Resources */,
			);
			runOnlyForDeploymentPostprocessing = 0;
		};
		518CE7632A1CE1E500634E44 /* Resources */ = {
			isa = PBXResourcesBuildPhase;
			buildActionMask = 2147483647;
			files = (
			);
			runOnlyForDeploymentPostprocessing = 0;
		};
		518CE76D2A1CE1E500634E44 /* Resources */ = {
			isa = PBXResourcesBuildPhase;
			buildActionMask = 2147483647;
			files = (
			);
			runOnlyForDeploymentPostprocessing = 0;
		};
/* End PBXResourcesBuildPhase section */

/* Begin PBXSourcesBuildPhase section */
		518CE74B2A1CE1E300634E44 /* Sources */ = {
			isa = PBXSourcesBuildPhase;
			buildActionMask = 2147483647;
			files = (
				518CE7572A1CE1E300634E44 /* ViewController.swift in Sources */,
				518CE7532A1CE1E300634E44 /* AppDelegate.swift in Sources */,
				518CE7552A1CE1E300634E44 /* SceneDelegate.swift in Sources */,
			);
			runOnlyForDeploymentPostprocessing = 0;
		};
		518CE7612A1CE1E500634E44 /* Sources */ = {
			isa = PBXSourcesBuildPhase;
			buildActionMask = 2147483647;
			files = (
				518CE76A2A1CE1E500634E44 /* ybs_techtaskTests.swift in Sources */,
			);
			runOnlyForDeploymentPostprocessing = 0;
		};
		518CE76B2A1CE1E500634E44 /* Sources */ = {
			isa = PBXSourcesBuildPhase;
			buildActionMask = 2147483647;
			files = (
				518CE7762A1CE1E500634E44 /* ybs_techtaskUITestsLaunchTests.swift in Sources */,
				518CE7742A1CE1E500634E44 /* ybs_techtaskUITests.swift in Sources */,
			);
			runOnlyForDeploymentPostprocessing = 0;
		};
/* End PBXSourcesBuildPhase section */

/* Begin PBXTargetDependency section */
		518CE7672A1CE1E500634E44 /* PBXTargetDependency */ = {
			isa = PBXTargetDependency;
			target = 518CE74E2A1CE1E300634E44 /* ybs-techtask */;
			targetProxy = 518CE7662A1CE1E500634E44 /* PBXContainerItemProxy */;
		};
		518CE7712A1CE1E500634E44 /* PBXTargetDependency */ = {
			isa = PBXTargetDependency;
			target = 518CE74E2A1CE1E300634E44 /* ybs-techtask */;
			targetProxy = 518CE7702A1CE1E500634E44 /* PBXContainerItemProxy */;
		};
/* End PBXTargetDependency section */

/* Begin PBXVariantGroup section */
		518CE7582A1CE1E300634E44 /* Main.storyboard */ = {
			isa = PBXVariantGroup;
			children = (
				518CE7592A1CE1E300634E44 /* Base */,
			);
			name = Main.storyboard;
			sourceTree = "<group>";
		};
		518CE75D2A1CE1E500634E44 /* LaunchScreen.storyboard */ = {
			isa = PBXVariantGroup;
			children = (
				518CE75E2A1CE1E500634E44 /* Base */,
			);
			name = LaunchScreen.storyboard;
			sourceTree = "<group>";
		};
/* End PBXVariantGroup section */

/* Begin XCBuildConfiguration section */
		518CE7772A1CE1E500634E44 /* Debug */ = {
			isa = XCBuildConfiguration;
			buildSettings = {
				ALWAYS_SEARCH_USER_PATHS = NO;
				CLANG_ANALYZER_NONNULL = YES;
				CLANG_ANALYZER_NUMBER_OBJECT_CONVERSION = YES_AGGRESSIVE;
				CLANG_CXX_LANGUAGE_STANDARD = "gnu++20";
				CLANG_ENABLE_MODULES = YES;
				CLANG_ENABLE_OBJC_ARC = YES;
				CLANG_ENABLE_OBJC_WEAK = YES;
				CLANG_WARN_BLOCK_CAPTURE_AUTORELEASING = YES;
				CLANG_WARN_BOOL_CONVERSION = YES;
				CLANG_WARN_COMMA = YES;
				CLANG_WARN_CONSTANT_CONVERSION = YES;
				CLANG_WARN_DEPRECATED_OBJC_IMPLEMENTATIONS = YES;
				CLANG_WARN_DIRECT_OBJC_ISA_USAGE = YES_ERROR;
				CLANG_WARN_DOCUMENTATION_COMMENTS = YES;
				CLANG_WARN_EMPTY_BODY = YES;
				CLANG_WARN_ENUM_CONVERSION = YES;
				CLANG_WARN_INFINITE_RECURSION = YES;
				CLANG_WARN_INT_CONVERSION = YES;
				CLANG_WARN_NON_LITERAL_NULL_CONVERSION = YES;
				CLANG_WARN_OBJC_IMPLICIT_RETAIN_SELF = YES;
				CLANG_WARN_OBJC_LITERAL_CONVERSION = YES;
				CLANG_WARN_OBJC_ROOT_CLASS = YES_ERROR;
				CLANG_WARN_QUOTED_INCLUDE_IN_FRAMEWORK_HEADER = YES;
				CLANG_WARN_RANGE_LOOP_ANALYSIS = YES;
				CLANG_WARN_STRICT_PROTOTYPES = YES;
				CLANG_WARN_SUSPICIOUS_MOVE = YES;
				CLANG_WARN_UNGUARDED_AVAILABILITY = YES_AGGRESSIVE;
				CLANG_WARN_UNREACHABLE_CODE = YES;
				CLANG_WARN__DUPLICATE_METHOD_MATCH = YES;
				COPY_PHASE_STRIP = NO;
				DEBUG_INFORMATION_FORMAT = dwarf;
				ENABLE_STRICT_OBJC_MSGSEND = YES;
				ENABLE_TESTABILITY = YES;
				GCC_C_LANGUAGE_STANDARD = gnu11;
				GCC_DYNAMIC_NO_PIC = NO;
				GCC_NO_COMMON_BLOCKS = YES;
				GCC_OPTIMIZATION_LEVEL = 0;
				GCC_PREPROCESSOR_DEFINITIONS = (
					"DEBUG=1",
					"$(inherited)",
				);
				GCC_WARN_64_TO_32_BIT_CONVERSION = YES;
				GCC_WARN_ABOUT_RETURN_TYPE = YES_ERROR;
				GCC_WARN_UNDECLARED_SELECTOR = YES;
				GCC_WARN_UNINITIALIZED_AUTOS = YES_AGGRESSIVE;
				GCC_WARN_UNUSED_FUNCTION = YES;
				GCC_WARN_UNUSED_VARIABLE = YES;
				IPHONEOS_DEPLOYMENT_TARGET = 16.4;
				MTL_ENABLE_DEBUG_INFO = INCLUDE_SOURCE;
				MTL_FAST_MATH = YES;
				ONLY_ACTIVE_ARCH = YES;
				SDKROOT = iphoneos;
				SWIFT_ACTIVE_COMPILATION_CONDITIONS = DEBUG;
				SWIFT_OPTIMIZATION_LEVEL = "-Onone";
			};
			name = Debug;
		};
		518CE7782A1CE1E500634E44 /* Release */ = {
			isa = XCBuildConfiguration;
			buildSettings = {
				ALWAYS_SEARCH_USER_PATHS = NO;
				CLANG_ANALYZER_NONNULL = YES;
				CLANG_ANALYZER_NUMBER_OBJECT_CONVERSION = YES_AGGRESSIVE;
				CLANG_CXX_LANGUAGE_STANDARD = "gnu++20";
				CLANG_ENABLE_MODULES = YES;
				CLANG_ENABLE_OBJC_ARC = YES;
				CLANG_ENABLE_OBJC_WEAK = YES;
				CLANG_WARN_BLOCK_CAPTURE_AUTORELEASING = YES;
				CLANG_WARN_BOOL_CONVERSION = YES;
				CLANG_WARN_COMMA = YES;
				CLANG_WARN_CONSTANT_CONVERSION = YES;
				CLANG_WARN_DEPRECATED_OBJC_IMPLEMENTATIONS = YES;
				CLANG_WARN_DIRECT_OBJC_ISA_USAGE = YES_ERROR;
				CLANG_WARN_DOCUMENTATION_COMMENTS = YES;
				CLANG_WARN_EMPTY_BODY = YES;
				CLANG_WARN_ENUM_CONVERSION = YES;
				CLANG_WARN_INFINITE_RECURSION = YES;
				CLANG_WARN_INT_CONVERSION = YES;
				CLANG_WARN_NON_LITERAL_NULL_CONVERSION = YES;
				CLANG_WARN_OBJC_IMPLICIT_RETAIN_SELF = YES;
				CLANG_WARN_OBJC_LITERAL_CONVERSION = YES;
				CLANG_WARN_OBJC_ROOT_CLASS = YES_ERROR;
				CLANG_WARN_QUOTED_INCLUDE_IN_FRAMEWORK_HEADER = YES;
				CLANG_WARN_RANGE_LOOP_ANALYSIS = YES;
				CLANG_WARN_STRICT_PROTOTYPES = YES;
				CLANG_WARN_SUSPICIOUS_MOVE = YES;
				CLANG_WARN_UNGUARDED_AVAILABILITY = YES_AGGRESSIVE;
				CLANG_WARN_UNREACHABLE_CODE = YES;
				CLANG_WARN__DUPLICATE_METHOD_MATCH = YES;
				COPY_PHASE_STRIP = NO;
				DEBUG_INFORMATION_FORMAT = "dwarf-with-dsym";
				ENABLE_NS_ASSERTIONS = NO;
				ENABLE_STRICT_OBJC_MSGSEND = YES;
				GCC_C_LANGUAGE_STANDARD = gnu11;
				GCC_NO_COMMON_BLOCKS = YES;
				GCC_WARN_64_TO_32_BIT_CONVERSION = YES;
				GCC_WARN_ABOUT_RETURN_TYPE = YES_ERROR;
				GCC_WARN_UNDECLARED_SELECTOR = YES;
				GCC_WARN_UNINITIALIZED_AUTOS = YES_AGGRESSIVE;
				GCC_WARN_UNUSED_FUNCTION = YES;
				GCC_WARN_UNUSED_VARIABLE = YES;
				IPHONEOS_DEPLOYMENT_TARGET = 16.4;
				MTL_ENABLE_DEBUG_INFO = NO;
				MTL_FAST_MATH = YES;
				SDKROOT = iphoneos;
				SWIFT_COMPILATION_MODE = wholemodule;
				SWIFT_OPTIMIZATION_LEVEL = "-O";
				VALIDATE_PRODUCT = YES;
			};
			name = Release;
		};
		518CE77A2A1CE1E500634E44 /* Debug */ = {
			isa = XCBuildConfiguration;
			buildSettings = {
				ASSETCATALOG_COMPILER_APPICON_NAME = AppIcon;
				ASSETCATALOG_COMPILER_GLOBAL_ACCENT_COLOR_NAME = AccentColor;
				CODE_SIGN_STYLE = Automatic;
				CURRENT_PROJECT_VERSION = 1;
				DEVELOPMENT_TEAM = 526URZ72RD;
				GENERATE_INFOPLIST_FILE = YES;
				INFOPLIST_FILE = "ybs-techtask/Info.plist";
				INFOPLIST_KEY_UIApplicationSupportsIndirectInputEvents = YES;
				INFOPLIST_KEY_UILaunchStoryboardName = LaunchScreen;
				INFOPLIST_KEY_UIMainStoryboardFile = Main;
				INFOPLIST_KEY_UISupportedInterfaceOrientations_iPad = "UIInterfaceOrientationPortrait UIInterfaceOrientationPortraitUpsideDown UIInterfaceOrientationLandscapeLeft UIInterfaceOrientationLandscapeRight";
				INFOPLIST_KEY_UISupportedInterfaceOrientations_iPhone = "UIInterfaceOrientationPortrait UIInterfaceOrientationLandscapeLeft UIInterfaceOrientationLandscapeRight";
				LD_RUNPATH_SEARCH_PATHS = (
					"$(inherited)",
					"@executable_path/Frameworks",
				);
				MARKETING_VERSION = 1.0;
				PRODUCT_BUNDLE_IDENTIFIER = "novicapetrovic.ybs-techtask";
				PRODUCT_NAME = "$(TARGET_NAME)";
				SWIFT_EMIT_LOC_STRINGS = YES;
				SWIFT_VERSION = 5.0;
				TARGETED_DEVICE_FAMILY = "1,2";
			};
			name = Debug;
		};
		518CE77B2A1CE1E500634E44 /* Release */ = {
			isa = XCBuildConfiguration;
			buildSettings = {
				ASSETCATALOG_COMPILER_APPICON_NAME = AppIcon;
				ASSETCATALOG_COMPILER_GLOBAL_ACCENT_COLOR_NAME = AccentColor;
				CODE_SIGN_STYLE = Automatic;
				CURRENT_PROJECT_VERSION = 1;
				DEVELOPMENT_TEAM = 526URZ72RD;
				GENERATE_INFOPLIST_FILE = YES;
				INFOPLIST_FILE = "ybs-techtask/Info.plist";
				INFOPLIST_KEY_UIApplicationSupportsIndirectInputEvents = YES;
				INFOPLIST_KEY_UILaunchStoryboardName = LaunchScreen;
				INFOPLIST_KEY_UIMainStoryboardFile = Main;
				INFOPLIST_KEY_UISupportedInterfaceOrientations_iPad = "UIInterfaceOrientationPortrait UIInterfaceOrientationPortraitUpsideDown UIInterfaceOrientationLandscapeLeft UIInterfaceOrientationLandscapeRight";
				INFOPLIST_KEY_UISupportedInterfaceOrientations_iPhone = "UIInterfaceOrientationPortrait UIInterfaceOrientationLandscapeLeft UIInterfaceOrientationLandscapeRight";
				LD_RUNPATH_SEARCH_PATHS = (
					"$(inherited)",
					"@executable_path/Frameworks",
				);
				MARKETING_VERSION = 1.0;
				PRODUCT_BUNDLE_IDENTIFIER = "novicapetrovic.ybs-techtask";
				PRODUCT_NAME = "$(TARGET_NAME)";
				SWIFT_EMIT_LOC_STRINGS = YES;
				SWIFT_VERSION = 5.0;
				TARGETED_DEVICE_FAMILY = "1,2";
			};
			name = Release;
		};
		518CE77D2A1CE1E500634E44 /* Debug */ = {
			isa = XCBuildConfiguration;
			buildSettings = {
				ALWAYS_EMBED_SWIFT_STANDARD_LIBRARIES = YES;
				BUNDLE_LOADER = "$(TEST_HOST)";
				CODE_SIGN_STYLE = Automatic;
				CURRENT_PROJECT_VERSION = 1;
				DEVELOPMENT_TEAM = 526URZ72RD;
				GENERATE_INFOPLIST_FILE = YES;
				IPHONEOS_DEPLOYMENT_TARGET = 16.4;
				MARKETING_VERSION = 1.0;
				PRODUCT_BUNDLE_IDENTIFIER = "novicapetrovic.ybs-techtaskTests";
				PRODUCT_NAME = "$(TARGET_NAME)";
				SWIFT_EMIT_LOC_STRINGS = NO;
				SWIFT_VERSION = 5.0;
				TARGETED_DEVICE_FAMILY = "1,2";
				TEST_HOST = "$(BUILT_PRODUCTS_DIR)/ybs-techtask.app/$(BUNDLE_EXECUTABLE_FOLDER_PATH)/ybs-techtask";
			};
			name = Debug;
		};
		518CE77E2A1CE1E500634E44 /* Release */ = {
			isa = XCBuildConfiguration;
			buildSettings = {
				ALWAYS_EMBED_SWIFT_STANDARD_LIBRARIES = YES;
				BUNDLE_LOADER = "$(TEST_HOST)";
				CODE_SIGN_STYLE = Automatic;
				CURRENT_PROJECT_VERSION = 1;
				DEVELOPMENT_TEAM = 526URZ72RD;
				GENERATE_INFOPLIST_FILE = YES;
				IPHONEOS_DEPLOYMENT_TARGET = 16.4;
				MARKETING_VERSION = 1.0;
				PRODUCT_BUNDLE_IDENTIFIER = "novicapetrovic.ybs-techtaskTests";
				PRODUCT_NAME = "$(TARGET_NAME)";
				SWIFT_EMIT_LOC_STRINGS = NO;
				SWIFT_VERSION = 5.0;
				TARGETED_DEVICE_FAMILY = "1,2";
				TEST_HOST = "$(BUILT_PRODUCTS_DIR)/ybs-techtask.app/$(BUNDLE_EXECUTABLE_FOLDER_PATH)/ybs-techtask";
			};
			name = Release;
		};
		518CE7802A1CE1E500634E44 /* Debug */ = {
			isa = XCBuildConfiguration;
			buildSettings = {
				ALWAYS_EMBED_SWIFT_STANDARD_LIBRARIES = YES;
				CODE_SIGN_STYLE = Automatic;
				CURRENT_PROJECT_VERSION = 1;
				DEVELOPMENT_TEAM = 526URZ72RD;
				GENERATE_INFOPLIST_FILE = YES;
				MARKETING_VERSION = 1.0;
				PRODUCT_BUNDLE_IDENTIFIER = "novicapetrovic.ybs-techtaskUITests";
				PRODUCT_NAME = "$(TARGET_NAME)";
				SWIFT_EMIT_LOC_STRINGS = NO;
				SWIFT_VERSION = 5.0;
				TARGETED_DEVICE_FAMILY = "1,2";
				TEST_TARGET_NAME = "ybs-techtask";
			};
			name = Debug;
		};
		518CE7812A1CE1E500634E44 /* Release */ = {
			isa = XCBuildConfiguration;
			buildSettings = {
				ALWAYS_EMBED_SWIFT_STANDARD_LIBRARIES = YES;
				CODE_SIGN_STYLE = Automatic;
				CURRENT_PROJECT_VERSION = 1;
				DEVELOPMENT_TEAM = 526URZ72RD;
				GENERATE_INFOPLIST_FILE = YES;
				MARKETING_VERSION = 1.0;
				PRODUCT_BUNDLE_IDENTIFIER = "novicapetrovic.ybs-techtaskUITests";
				PRODUCT_NAME = "$(TARGET_NAME)";
				SWIFT_EMIT_LOC_STRINGS = NO;
				SWIFT_VERSION = 5.0;
				TARGETED_DEVICE_FAMILY = "1,2";
				TEST_TARGET_NAME = "ybs-techtask";
			};
			name = Release;
		};
/* End XCBuildConfiguration section */

/* Begin XCConfigurationList section */
		518CE74A2A1CE1E200634E44 /* Build configuration list for PBXProject "ybs-techtask" */ = {
			isa = XCConfigurationList;
			buildConfigurations = (
				518CE7772A1CE1E500634E44 /* Debug */,
				518CE7782A1CE1E500634E44 /* Release */,
			);
			defaultConfigurationIsVisible = 0;
			defaultConfigurationName = Release;
		};
		518CE7792A1CE1E500634E44 /* Build configuration list for PBXNativeTarget "ybs-techtask" */ = {
			isa = XCConfigurationList;
			buildConfigurations = (
				518CE77A2A1CE1E500634E44 /* Debug */,
				518CE77B2A1CE1E500634E44 /* Release */,
			);
			defaultConfigurationIsVisible = 0;
			defaultConfigurationName = Release;
		};
		518CE77C2A1CE1E500634E44 /* Build configuration list for PBXNativeTarget "ybs-techtaskTests" */ = {
			isa = XCConfigurationList;
			buildConfigurations = (
				518CE77D2A1CE1E500634E44 /* Debug */,
				518CE77E2A1CE1E500634E44 /* Release */,
			);
			defaultConfigurationIsVisible = 0;
			defaultConfigurationName = Release;
		};
		518CE77F2A1CE1E500634E44 /* Build configuration list for PBXNativeTarget "ybs-techtaskUITests" */ = {
			isa = XCConfigurationList;
			buildConfigurations = (
				518CE7802A1CE1E500634E44 /* Debug */,
				518CE7812A1CE1E500634E44 /* Release */,
			);
			defaultConfigurationIsVisible = 0;
			defaultConfigurationName = Release;
		};
/* End XCConfigurationList section */
	};
	rootObject = 518CE7472A1CE1E200634E44 /* Project object */;
}
